
Microsoft Visual Studio Solution File, Format Version 12.00
# Visual Studio 15
VisualStudioVersion = 15.0.28010.2016
MinimumVisualStudioVersion = 10.0.40219.1
Project("{FAE04EC0-301F-11D3-BF4B-00C04F79EFBC}") = "PixelPerfect", "PixelPerfect\PixelPerfect.csproj", "{5E2D2E39-C5CD-4A39-BAEE-943E6160B0C5}"
EndProject
Global
	GlobalSection(SolutionConfigurationPlatforms) = preSolution
		Debug|Any CPU = Debug|Any CPU
		Release|Any CPU = Release|Any CPU
	EndGlobalSection
	GlobalSection(ProjectConfigurationPlatforms) = postSolution
		{5E2D2E39-C5CD-4A39-BAEE-943E6160B0C5}.Debug|Any CPU.ActiveCfg = Debug|Any CPU
		{5E2D2E39-C5CD-4A39-BAEE-943E6160B0C5}.Debug|Any CPU.Build.0 = Debug|Any CPU
		{5E2D2E39-C5CD-4A39-BAEE-943E6160B0C5}.Release|Any CPU.ActiveCfg = Release|Any CPU
		{5E2D2E39-C5CD-4A39-BAEE-943E6160B0C5}.Release|Any CPU.Build.0 = Release|Any CPU
	EndGlobalSection
	GlobalSection(SolutionProperties) = preSolution
		HideSolutionNode = FALSE
	EndGlobalSection
	GlobalSection(ExtensibilityGlobals) = postSolution
		SolutionGuid = {EB0A1244-90E3-4F6B-9A67-AF98A9B72D8F}
	EndGlobalSection
EndGlobal
